{
  "version": 4,
  "terraform_version": "1.7.3",
  "serial": 57,
  "lineage": "60af1a80-6251-bd16-1334-5d110b822408",
  "outputs": {},
  "resources": [
    {
      "mode": "data",
      "type": "yandex_client_config",
      "name": "client",
      "provider": "provider[\"registry.terraform.io/yandex-cloud/yandex\"]",
      "instances": [
        {
          "schema_version": 0,
          "attributes": {
            "cloud_id": "b1gr3rdta4750j58lh9s",
            "folder_id": "b1gv2oh472eqbr5sbdoo",
            "iam_token": "t1.9euelZqKlpbHxoqWlo3Nk87LnoyPmu3rnpWazJ6Wx5WalsuVyp6ZmcaJzZnl9PdLAElR-e8rEzLM3fT3Cy9GUfnvKxMyzM3n9euelZqYyZmdz8yTx5uZm4_Gls_Nmu_8zef1656VmsjOnJGPkZmJyY_Jks3MjpqM7_3F656VmpjJmZ3PzJPHm5mbj8aWz82a.QUGn53CQTzzjigxAIfrFjlCBDDbB9lh9gLKEVfkTrsdaN8HdVg_x9jtz6blNkuKJNILfdiTKCIavwt77MYw8CQ",
            "id": "3269673699",
            "zone": "ru-central1-a"
          },
          "sensitive_attributes": []
        }
      ]
    },
    {
      "mode": "managed",
      "type": "yandex_iam_service_account",
      "name": "myaccount",
      "provider": "provider[\"registry.terraform.io/yandex-cloud/yandex\"]",
      "instances": [
        {
          "schema_version": 0,
          "attributes": {
            "created_at": "2024-02-15T09:37:51Z",
            "description": "K8S zonal service account",
            "folder_id": "b1gv2oh472eqbr5sbdoo",
            "id": "ajefmjt78gso4j01ch1c",
            "name": "zonal-k8s-account",
            "timeouts": null
          },
          "sensitive_attributes": [],
          "private": "eyJlMmJmYjczMC1lY2FhLTExZTYtOGY4OC0zNDM2M2JjN2M0YzAiOnsiY3JlYXRlIjo2MDAwMDAwMDAwMCwiZGVsZXRlIjo2MDAwMDAwMDAwMCwidXBkYXRlIjo2MDAwMDAwMDAwMH19"
        }
      ]
    },
    {
      "mode": "managed",
      "type": "yandex_resourcemanager_folder_iam_member",
      "name": "encrypterDecrypter",
      "provider": "provider[\"registry.terraform.io/yandex-cloud/yandex\"]",
      "instances": [
        {
          "schema_version": 0,
          "attributes": {
            "folder_id": "b1gv2oh472eqbr5sbdoo",
            "id": "b1gv2oh472eqbr5sbdoo/kms.keys.encrypterDecrypter/serviceAccount:ajefmjt78gso4j01ch1c",
            "member": "serviceAccount:ajefmjt78gso4j01ch1c",
            "role": "kms.keys.encrypterDecrypter",
            "sleep_after": null,
            "timeouts": null
          },
          "sensitive_attributes": [],
          "private": "eyJlMmJmYjczMC1lY2FhLTExZTYtOGY4OC0zNDM2M2JjN2M0YzAiOnsiY3JlYXRlIjo2MDAwMDAwMDAwMCwiZGVmYXVsdCI6NjAwMDAwMDAwMDAsImRlbGV0ZSI6NjAwMDAwMDAwMDAsInJlYWQiOjYwMDAwMDAwMDAwLCJ1cGRhdGUiOjYwMDAwMDAwMDAwfX0=",
          "dependencies": [
            "yandex_iam_service_account.myaccount"
          ]
        }
      ]
    },
    {
      "mode": "managed",
      "type": "yandex_resourcemanager_folder_iam_member",
      "name": "images-puller",
      "provider": "provider[\"registry.terraform.io/yandex-cloud/yandex\"]",
      "instances": [
        {
          "schema_version": 0,
          "attributes": {
            "folder_id": "b1gv2oh472eqbr5sbdoo",
            "id": "b1gv2oh472eqbr5sbdoo/container-registry.images.puller/serviceAccount:ajefmjt78gso4j01ch1c",
            "member": "serviceAccount:ajefmjt78gso4j01ch1c",
            "role": "container-registry.images.puller",
            "sleep_after": null,
            "timeouts": null
          },
          "sensitive_attributes": [],
          "private": "eyJlMmJmYjczMC1lY2FhLTExZTYtOGY4OC0zNDM2M2JjN2M0YzAiOnsiY3JlYXRlIjo2MDAwMDAwMDAwMCwiZGVmYXVsdCI6NjAwMDAwMDAwMDAsImRlbGV0ZSI6NjAwMDAwMDAwMDAsInJlYWQiOjYwMDAwMDAwMDAwLCJ1cGRhdGUiOjYwMDAwMDAwMDAwfX0=",
          "dependencies": [
            "yandex_iam_service_account.myaccount"
          ]
        }
      ]
    },
    {
      "mode": "managed",
      "type": "yandex_resourcemanager_folder_iam_member",
      "name": "k8s-clusters-agent",
      "provider": "provider[\"registry.terraform.io/yandex-cloud/yandex\"]",
      "instances": [
        {
          "schema_version": 0,
          "attributes": {
            "folder_id": "b1gv2oh472eqbr5sbdoo",
            "id": "b1gv2oh472eqbr5sbdoo/k8s.clusters.agent/serviceAccount:ajefmjt78gso4j01ch1c",
            "member": "serviceAccount:ajefmjt78gso4j01ch1c",
            "role": "k8s.clusters.agent",
            "sleep_after": null,
            "timeouts": null
          },
          "sensitive_attributes": [],
          "private": "eyJlMmJmYjczMC1lY2FhLTExZTYtOGY4OC0zNDM2M2JjN2M0YzAiOnsiY3JlYXRlIjo2MDAwMDAwMDAwMCwiZGVmYXVsdCI6NjAwMDAwMDAwMDAsImRlbGV0ZSI6NjAwMDAwMDAwMDAsInJlYWQiOjYwMDAwMDAwMDAwLCJ1cGRhdGUiOjYwMDAwMDAwMDAwfX0=",
          "dependencies": [
            "yandex_iam_service_account.myaccount"
          ]
        }
      ]
    },
    {
      "mode": "managed",
      "type": "yandex_resourcemanager_folder_iam_member",
      "name": "vpc-public-admin",
      "provider": "provider[\"registry.terraform.io/yandex-cloud/yandex\"]",
      "instances": [
        {
          "schema_version": 0,
          "attributes": {
            "folder_id": "b1gv2oh472eqbr5sbdoo",
            "id": "b1gv2oh472eqbr5sbdoo/vpc.publicAdmin/serviceAccount:ajefmjt78gso4j01ch1c",
            "member": "serviceAccount:ajefmjt78gso4j01ch1c",
            "role": "vpc.publicAdmin",
            "sleep_after": null,
            "timeouts": null
          },
          "sensitive_attributes": [],
          "private": "eyJlMmJmYjczMC1lY2FhLTExZTYtOGY4OC0zNDM2M2JjN2M0YzAiOnsiY3JlYXRlIjo2MDAwMDAwMDAwMCwiZGVmYXVsdCI6NjAwMDAwMDAwMDAsImRlbGV0ZSI6NjAwMDAwMDAwMDAsInJlYWQiOjYwMDAwMDAwMDAwLCJ1cGRhdGUiOjYwMDAwMDAwMDAwfX0=",
          "dependencies": [
            "yandex_iam_service_account.myaccount"
          ]
        }
      ]
    },
    {
      "mode": "managed",
      "type": "yandex_vpc_network",
      "name": "kubernetes",
      "provider": "provider[\"registry.terraform.io/yandex-cloud/yandex\"]",
      "instances": [
        {
          "schema_version": 0,
          "attributes": {
            "created_at": "2024-02-15T09:37:50Z",
            "default_security_group_id": "enp3e7ov8tsg4aqdqbio",
            "description": "",
            "folder_id": "b1gv2oh472eqbr5sbdoo",
            "id": "enpnk4thufbmda2n6ota",
            "labels": {},
            "name": "kubernetes",
            "subnet_ids": [],
            "timeouts": null
          },
          "sensitive_attributes": [],
          "private": "eyJlMmJmYjczMC1lY2FhLTExZTYtOGY4OC0zNDM2M2JjN2M0YzAiOnsiY3JlYXRlIjo2MDAwMDAwMDAwMCwiZGVsZXRlIjo2MDAwMDAwMDAwMCwidXBkYXRlIjo2MDAwMDAwMDAwMH19"
        }
      ]
    },
    {
      "mode": "managed",
      "type": "yandex_vpc_subnet",
      "name": "kubernetes",
      "provider": "provider[\"registry.terraform.io/yandex-cloud/yandex\"]",
      "instances": [
        {
          "schema_version": 0,
          "attributes": {
            "created_at": "2024-02-15T09:37:52Z",
            "description": "",
            "dhcp_options": [],
            "folder_id": "b1gv2oh472eqbr5sbdoo",
            "id": "e9bc9flplh4v7d0eod6c",
            "labels": {},
            "name": "kubernetes",
            "network_id": "enpnk4thufbmda2n6ota",
            "route_table_id": "",
            "timeouts": null,
            "v4_cidr_blocks": [
              "10.0.0.0/16"
            ],
            "v6_cidr_blocks": [],
            "zone": "ru-central1-a"
          },
          "sensitive_attributes": [],
          "private": "eyJlMmJmYjczMC1lY2FhLTExZTYtOGY4OC0zNDM2M2JjN2M0YzAiOnsiY3JlYXRlIjoxODAwMDAwMDAwMDAsImRlbGV0ZSI6MTgwMDAwMDAwMDAwLCJ1cGRhdGUiOjE4MDAwMDAwMDAwMH19",
          "dependencies": [
            "yandex_vpc_network.kubernetes"
          ]
        }
      ]
    },
    {
      "module": "module.kubernetes",
      "mode": "managed",
      "type": "yandex_kubernetes_cluster",
      "name": "cluster",
      "provider": "provider[\"registry.terraform.io/yandex-cloud/yandex\"]",
      "instances": [
        {
          "schema_version": 0,
          "attributes": {
            "cluster_ipv4_range": "10.112.0.0/16",
            "cluster_ipv6_range": "",
            "created_at": "2024-02-15T09:38:04Z",
            "description": "",
            "folder_id": "b1gv2oh472eqbr5sbdoo",
            "health": "healthy",
            "id": "catav6tamll4pg878lo2",
            "kms_provider": [],
            "labels": {},
            "log_group_id": "",
            "master": [
              {
                "cluster_ca_certificate": "-----BEGIN CERTIFICATE-----\nMIIC5zCCAc+gAwIBAgIBADANBgkqhkiG9w0BAQsFADAVMRMwEQYDVQQDEwprdWJl\ncm5ldGVzMB4XDTI0MDIxNTA5MzgwNloXDTM0MDIxMjA5MzgwNlowFTETMBEGA1UE\nAxMKa3ViZXJuZXRlczCCASIwDQYJKoZIhvcNAQEBBQADggEPADCCAQoCggEBALWB\np4vqsMRBV9+FJlcwVvt8gk8z0CCJnXdtKtDofsz+yVXUky1YIDk/t7jl1UkOa894\nN+zjaDJGzkcgfp3uk0OOGIoc5xi2g465VyGDg+dydfkjTp7zymXsT9n/l6zx1E9O\nodl64Lc9E8jjwW6lxhMvPF8nsqEjfy1BPG2VhdjJlhI39JAe6uhX1sgvxmRhR+Ks\nKV0owZHc3vcd+OHfQhQ0LWMzXFKrQkTH+duBBhjD/OhUntK8C0JMoo4naz6qMJRV\nW9Qt9+CkviQ9kvylenhPxdyvn1XqoD5/KuWaYT+uIK4N7TZ//P6HQpd7HejFcJSL\nS4Wrpojjsv61ZgjjopkCAwEAAaNCMEAwDgYDVR0PAQH/BAQDAgKkMA8GA1UdEwEB\n/wQFMAMBAf8wHQYDVR0OBBYEFM2mBLSZCKMjwWfBrxKOM5TSGlqEMA0GCSqGSIb3\nDQEBCwUAA4IBAQBrvEvakrn33jWTCMcO/kuRdgBEZtXSqlyEAnb+jegHZc6f4ygZ\n/8sdOwMn02DPrJ/eLL1/9koejolYeicTC4C/c5XhcW+16Mqa4H7l1rybE65xpx4o\nJ6PD9KllsDiLB5ZliQbBExDNDUvI9kU3kizbCYwfOnGfCX7HxbgNeCqJVa2g0yry\nKI41k/GUVvo+31JwgqETQsfm5XdbH0zOHyPoP3pFJj9bWYmRp6oizbL/pvhsWtHT\nvufDadE1WcvUC0oFBVCw7TwXYUHmuuuT0kNJ6VNa6VGgYLjKFxF8gwMf7cwfeKxa\noNNRCbOdSCnjJ/nqF0/gtDIyAqrgwSv9Jp9n\n-----END CERTIFICATE-----\n",
                "etcd_cluster_size": 1,
                "external_v4_address": "62.84.116.42",
                "external_v4_endpoint": "https://62.84.116.42",
                "external_v6_address": "",
                "external_v6_endpoint": "",
                "internal_v4_address": "10.0.0.29",
                "internal_v4_endpoint": "https://10.0.0.29",
                "maintenance_policy": [
                  {
                    "auto_upgrade": true,
                    "maintenance_window": []
                  }
                ],
                "master_location": [
                  {
                    "subnet_id": "e9bc9flplh4v7d0eod6c",
                    "zone": "ru-central1-a"
                  }
                ],
                "master_logging": [],
                "public_ip": true,
                "regional": [],
                "security_group_ids": null,
                "version": "1.25",
                "version_info": [
                  {
                    "current_version": "1.25",
                    "new_revision_available": false,
                    "new_revision_summary": "",
                    "version_deprecated": false
                  }
                ],
                "zonal": [
                  {
                    "subnet_id": "",
                    "zone": "ru-central1-a"
                  }
                ]
              }
            ],
            "name": "simple-zonal-cluster",
            "network_id": "enpnk4thufbmda2n6ota",
            "network_implementation": [],
            "network_policy_provider": null,
            "node_ipv4_cidr_mask_size": 24,
            "node_service_account_id": "ajefmjt78gso4j01ch1c",
            "release_channel": "STABLE",
            "service_account_id": "ajefmjt78gso4j01ch1c",
            "service_ipv4_range": "10.96.0.0/16",
            "service_ipv6_range": "",
            "status": "running",
            "timeouts": null
          },
          "sensitive_attributes": [],
          "private": "eyJlMmJmYjczMC1lY2FhLTExZTYtOGY4OC0zNDM2M2JjN2M0YzAiOnsiY3JlYXRlIjoxODAwMDAwMDAwMDAwLCJkZWxldGUiOjEyMDAwMDAwMDAwMDAsInJlYWQiOjMwMDAwMDAwMDAwMCwidXBkYXRlIjoxODAwMDAwMDAwMDAwfX0=",
          "dependencies": [
            "data.yandex_client_config.client",
            "module.kubernetes.yandex_iam_service_account.node_service_account",
            "module.kubernetes.yandex_iam_service_account.service_account",
            "module.kubernetes.yandex_resourcemanager_folder_iam_member.service_account",
            "yandex_iam_service_account.myaccount",
            "yandex_resourcemanager_folder_iam_member.encrypterDecrypter",
            "yandex_resourcemanager_folder_iam_member.images-puller",
            "yandex_resourcemanager_folder_iam_member.k8s-clusters-agent",
            "yandex_resourcemanager_folder_iam_member.vpc-public-admin",
            "yandex_vpc_network.kubernetes",
            "yandex_vpc_subnet.kubernetes"
          ]
        }
      ]
    },
    {
      "module": "module.kubernetes",
      "mode": "managed",
      "type": "yandex_kubernetes_node_group",
      "name": "node_groups",
      "provider": "provider[\"registry.terraform.io/yandex-cloud/yandex\"]",
      "instances": [
        {
          "index_key": "default",
          "schema_version": 0,
          "attributes": {
            "allocation_policy": [
              {
                "location": [
                  {
                    "subnet_id": "e9bc9flplh4v7d0eod6c",
                    "zone": "ru-central1-a"
                  }
                ]
              }
            ],
            "allowed_unsafe_sysctls": null,
            "cluster_id": "catav6tamll4pg878lo2",
            "created_at": "2024-02-15T09:45:46Z",
            "deploy_policy": [
              {
                "max_expansion": 3,
                "max_unavailable": 0
              }
            ],
            "description": "",
            "id": "cataft9314upv6cig4rs",
            "instance_group_id": "cl1mh3os649p0utvcb19",
            "instance_template": [
              {
                "boot_disk": [
                  {
                    "size": 64,
                    "type": "network-hdd"
                  }
                ],
                "container_network": [
                  {
                    "pod_mtu": 0
                  }
                ],
                "container_runtime": [],
                "gpu_settings": [],
                "labels": null,
                "metadata": {},
                "name": "",
                "nat": false,
                "network_acceleration_type": "type_unspecified",
                "network_interface": [
                  {
                    "ipv4": true,
                    "ipv4_dns_records": [],
                    "ipv6": false,
                    "ipv6_dns_records": [],
                    "nat": false,
                    "security_group_ids": null,
                    "subnet_ids": [
                      "e9bc9flplh4v7d0eod6c"
                    ]
                  }
                ],
                "placement_policy": [],
                "platform_id": "standard-v2",
                "resources": [
                  {
                    "core_fraction": 100,
                    "cores": 2,
                    "gpus": 0,
                    "memory": 2
                  }
                ],
                "scheduling_policy": [
                  {
                    "preemptible": false
                  }
                ]
              }
            ],
            "labels": {},
            "maintenance_policy": [
              {
                "auto_repair": true,
                "auto_upgrade": true,
                "maintenance_window": []
              }
            ],
            "name": "default",
            "node_labels": null,
            "node_taints": null,
            "scale_policy": [
              {
                "auto_scale": [],
                "fixed_scale": [
                  {
                    "size": 2
                  }
                ]
              }
            ],
            "status": "running",
            "timeouts": null,
            "version": "1.25",
            "version_info": [
              {
                "current_version": "1.25",
                "new_revision_available": false,
                "new_revision_summary": "",
                "version_deprecated": false
              }
            ]
          },
          "sensitive_attributes": [],
          "private": "eyJlMmJmYjczMC1lY2FhLTExZTYtOGY4OC0zNDM2M2JjN2M0YzAiOnsiY3JlYXRlIjozNjAwMDAwMDAwMDAwLCJkZWxldGUiOjEyMDAwMDAwMDAwMDAsInJlYWQiOjYwMDAwMDAwMDAwMCwidXBkYXRlIjozNjAwMDAwMDAwMDAwfX0=",
          "dependencies": [
            "data.yandex_client_config.client",
            "module.kubernetes.yandex_iam_service_account.node_service_account",
            "module.kubernetes.yandex_iam_service_account.service_account",
            "module.kubernetes.yandex_kubernetes_cluster.cluster",
            "module.kubernetes.yandex_resourcemanager_folder_iam_member.service_account",
            "yandex_iam_service_account.myaccount",
            "yandex_resourcemanager_folder_iam_member.encrypterDecrypter",
            "yandex_resourcemanager_folder_iam_member.images-puller",
            "yandex_resourcemanager_folder_iam_member.k8s-clusters-agent",
            "yandex_resourcemanager_folder_iam_member.vpc-public-admin",
            "yandex_vpc_network.kubernetes",
            "yandex_vpc_subnet.kubernetes"
          ]
        }
      ]
    }
  ],
  "check_results": null
}
